// !$*UTF8*$!
{
	archiveVersion = 1;
	classes = {
	};
	objectVersion = 56;
	objects = {

/* Begin PBXBuildFile section */
		9F526BBF29D03C5E00085ED7 /* SunnyPhilzApp.swift in Sources */ = {isa = PBXBuildFile; fileRef = 9F526BBE29D03C5E00085ED7 /* SunnyPhilzApp.swift */; };
		9F526BC129D03C5E00085ED7 /* Persistence.swift in Sources */ = {isa = PBXBuildFile; fileRef = 9F526BC029D03C5E00085ED7 /* Persistence.swift */; };
		9F526BC429D03C5E00085ED7 /* SunnyPhilz.xcdatamodeld in Sources */ = {isa = PBXBuildFile; fileRef = 9F526BC229D03C5E00085ED7 /* SunnyPhilz.xcdatamodeld */; };
		9F526BC629D03C5E00085ED7 /* ContentView.swift in Sources */ = {isa = PBXBuildFile; fileRef = 9F526BC529D03C5E00085ED7 /* ContentView.swift */; };
		9F526BC829D03C5F00085ED7 /* Assets.xcassets in Resources */ = {isa = PBXBuildFile; fileRef = 9F526BC729D03C5F00085ED7 /* Assets.xcassets */; };
		9F526BCC29D03C5F00085ED7 /* Preview Assets.xcassets in Resources */ = {isa = PBXBuildFile; fileRef = 9F526BCB29D03C5F00085ED7 /* Preview Assets.xcassets */; };
		9F526BD629D03C5F00085ED7 /* SunnyPhilzTests.swift in Sources */ = {isa = PBXBuildFile; fileRef = 9F526BD529D03C5F00085ED7 /* SunnyPhilzTests.swift */; };
		9F526BE029D03C5F00085ED7 /* SunnyPhilzUITests.swift in Sources */ = {isa = PBXBuildFile; fileRef = 9F526BDF29D03C5F00085ED7 /* SunnyPhilzUITests.swift */; };
		9F526BE229D03C5F00085ED7 /* SunnyPhilzUITestsLaunchTests.swift in Sources */ = {isa = PBXBuildFile; fileRef = 9F526BE129D03C5F00085ED7 /* SunnyPhilzUITestsLaunchTests.swift */; };
/* End PBXBuildFile section */

/* Begin PBXContainerItemProxy section */
		9F526BD229D03C5F00085ED7 /* PBXContainerItemProxy */ = {
			isa = PBXContainerItemProxy;
			containerPortal = 9F526BB329D03C5E00085ED7 /* Project object */;
			proxyType = 1;
			remoteGlobalIDString = 9F526BBA29D03C5E00085ED7;
			remoteInfo = SunnyPhilz;
		};
		9F526BDC29D03C5F00085ED7 /* PBXContainerItemProxy */ = {
			isa = PBXContainerItemProxy;
			containerPortal = 9F526BB329D03C5E00085ED7 /* Project object */;
			proxyType = 1;
			remoteGlobalIDString = 9F526BBA29D03C5E00085ED7;
			remoteInfo = SunnyPhilz;
		};
/* End PBXContainerItemProxy section */

/* Begin PBXFileReference section */
		9F526BBB29D03C5E00085ED7 /* SunnyPhilz.app */ = {isa = PBXFileReference; explicitFileType = wrapper.application; includeInIndex = 0; path = SunnyPhilz.app; sourceTree = BUILT_PRODUCTS_DIR; };
		9F526BBE29D03C5E00085ED7 /* SunnyPhilzApp.swift */ = {isa = PBXFileReference; lastKnownFileType = sourcecode.swift; path = SunnyPhilzApp.swift; sourceTree = "<group>"; };
		9F526BC029D03C5E00085ED7 /* Persistence.swift */ = {isa = PBXFileReference; lastKnownFileType = sourcecode.swift; path = Persistence.swift; sourceTree = "<group>"; };
		9F526BC329D03C5E00085ED7 /* SunnyPhilz.xcdatamodel */ = {isa = PBXFileReference; lastKnownFileType = wrapper.xcdatamodel; path = SunnyPhilz.xcdatamodel; sourceTree = "<group>"; };
		9F526BC529D03C5E00085ED7 /* ContentView.swift */ = {isa = PBXFileReference; lastKnownFileType = sourcecode.swift; path = ContentView.swift; sourceTree = "<group>"; };
		9F526BC729D03C5F00085ED7 /* Assets.xcassets */ = {isa = PBXFileReference; lastKnownFileType = folder.assetcatalog; path = Assets.xcassets; sourceTree = "<group>"; };
		9F526BC929D03C5F00085ED7 /* SunnyPhilz.entitlements */ = {isa = PBXFileReference; lastKnownFileType = text.plist.entitlements; path = SunnyPhilz.entitlements; sourceTree = "<group>"; };
		9F526BCB29D03C5F00085ED7 /* Preview Assets.xcassets */ = {isa = PBXFileReference; lastKnownFileType = folder.assetcatalog; path = "Preview Assets.xcassets"; sourceTree = "<group>"; };
		9F526BD129D03C5F00085ED7 /* SunnyPhilzTests.xctest */ = {isa = PBXFileReference; explicitFileType = wrapper.cfbundle; includeInIndex = 0; path = SunnyPhilzTests.xctest; sourceTree = BUILT_PRODUCTS_DIR; };
		9F526BD529D03C5F00085ED7 /* SunnyPhilzTests.swift */ = {isa = PBXFileReference; lastKnownFileType = sourcecode.swift; path = SunnyPhilzTests.swift; sourceTree = "<group>"; };
		9F526BDB29D03C5F00085ED7 /* SunnyPhilzUITests.xctest */ = {isa = PBXFileReference; explicitFileType = wrapper.cfbundle; includeInIndex = 0; path = SunnyPhilzUITests.xctest; sourceTree = BUILT_PRODUCTS_DIR; };
		9F526BDF29D03C5F00085ED7 /* SunnyPhilzUITests.swift */ = {isa = PBXFileReference; lastKnownFileType = sourcecode.swift; path = SunnyPhilzUITests.swift; sourceTree = "<group>"; };
		9F526BE129D03C5F00085ED7 /* SunnyPhilzUITestsLaunchTests.swift */ = {isa = PBXFileReference; lastKnownFileType = sourcecode.swift; path = SunnyPhilzUITestsLaunchTests.swift; sourceTree = "<group>"; };
/* End PBXFileReference section */

/* Begin PBXFrameworksBuildPhase section */
		9F526BB829D03C5E00085ED7 /* Frameworks */ = {
			isa = PBXFrameworksBuildPhase;
			buildActionMask = 2147483647;
			files = (
			);
			runOnlyForDeploymentPostprocessing = 0;
		};
		9F526BCE29D03C5F00085ED7 /* Frameworks */ = {
			isa = PBXFrameworksBuildPhase;
			buildActionMask = 2147483647;
			files = (
			);
			runOnlyForDeploymentPostprocessing = 0;
		};
		9F526BD829D03C5F00085ED7 /* Frameworks */ = {
			isa = PBXFrameworksBuildPhase;
			buildActionMask = 2147483647;
			files = (
			);
			runOnlyForDeploymentPostprocessing = 0;
		};
/* End PBXFrameworksBuildPhase section */

/* Begin PBXGroup section */
		9F526BB229D03C5E00085ED7 = {
			isa = PBXGroup;
			children = (
				9F526BBD29D03C5E00085ED7 /* SunnyPhilz */,
				9F526BD429D03C5F00085ED7 /* SunnyPhilzTests */,
				9F526BDE29D03C5F00085ED7 /* SunnyPhilzUITests */,
				9F526BBC29D03C5E00085ED7 /* Products */,
			);
			sourceTree = "<group>";
		};
		9F526BBC29D03C5E00085ED7 /* Products */ = {
			isa = PBXGroup;
			children = (
				9F526BBB29D03C5E00085ED7 /* SunnyPhilz.app */,
				9F526BD129D03C5F00085ED7 /* SunnyPhilzTests.xctest */,
				9F526BDB29D03C5F00085ED7 /* SunnyPhilzUITests.xctest */,
			);
			name = Products;
			sourceTree = "<group>";
		};
		9F526BBD29D03C5E00085ED7 /* SunnyPhilz */ = {
			isa = PBXGroup;
			children = (
				9F526BBE29D03C5E00085ED7 /* SunnyPhilzApp.swift */,
				9F526BC029D03C5E00085ED7 /* Persistence.swift */,
				9F526BC529D03C5E00085ED7 /* ContentView.swift */,
				9F526BC729D03C5F00085ED7 /* Assets.xcassets */,
				9F526BC929D03C5F00085ED7 /* SunnyPhilz.entitlements */,
				9F526BC229D03C5E00085ED7 /* SunnyPhilz.xcdatamodeld */,
				9F526BCA29D03C5F00085ED7 /* Preview Content */,
			);
			path = SunnyPhilz;
			sourceTree = "<group>";
		};
		9F526BCA29D03C5F00085ED7 /* Preview Content */ = {
			isa = PBXGroup;
			children = (
				9F526BCB29D03C5F00085ED7 /* Preview Assets.xcassets */,
			);
			path = "Preview Content";
			sourceTree = "<group>";
		};
		9F526BD429D03C5F00085ED7 /* SunnyPhilzTests */ = {
			isa = PBXGroup;
			children = (
				9F526BD529D03C5F00085ED7 /* SunnyPhilzTests.swift */,
			);
			path = SunnyPhilzTests;
			sourceTree = "<group>";
		};
		9F526BDE29D03C5F00085ED7 /* SunnyPhilzUITests */ = {
			isa = PBXGroup;
			children = (
				9F526BDF29D03C5F00085ED7 /* SunnyPhilzUITests.swift */,
				9F526BE129D03C5F00085ED7 /* SunnyPhilzUITestsLaunchTests.swift */,
			);
			path = SunnyPhilzUITests;
			sourceTree = "<group>";
		};
/* End PBXGroup section */

/* Begin PBXNativeTarget section */
		9F526BBA29D03C5E00085ED7 /* SunnyPhilz */ = {
			isa = PBXNativeTarget;
			buildConfigurationList = 9F526BE529D03C5F00085ED7 /* Build configuration list for PBXNativeTarget "SunnyPhilz" */;
			buildPhases = (
				9F526BB729D03C5E00085ED7 /* Sources */,
				9F526BB829D03C5E00085ED7 /* Frameworks */,
				9F526BB929D03C5E00085ED7 /* Resources */,
			);
			buildRules = (
			);
			dependencies = (
			);
			name = SunnyPhilz;
			productName = SunnyPhilz;
			productReference = 9F526BBB29D03C5E00085ED7 /* SunnyPhilz.app */;
			productType = "com.apple.product-type.application";
		};
		9F526BD029D03C5F00085ED7 /* SunnyPhilzTests */ = {
			isa = PBXNativeTarget;
			buildConfigurationList = 9F526BE829D03C5F00085ED7 /* Build configuration list for PBXNativeTarget "SunnyPhilzTests" */;
			buildPhases = (
				9F526BCD29D03C5F00085ED7 /* Sources */,
				9F526BCE29D03C5F00085ED7 /* Frameworks */,
				9F526BCF29D03C5F00085ED7 /* Resources */,
			);
			buildRules = (
			);
			dependencies = (
				9F526BD329D03C5F00085ED7 /* PBXTargetDependency */,
			);
			name = SunnyPhilzTests;
			productName = SunnyPhilzTests;
			productReference = 9F526BD129D03C5F00085ED7 /* SunnyPhilzTests.xctest */;
			productType = "com.apple.product-type.bundle.unit-test";
		};
		9F526BDA29D03C5F00085ED7 /* SunnyPhilzUITests */ = {
			isa = PBXNativeTarget;
			buildConfigurationList = 9F526BEB29D03C5F00085ED7 /* Build configuration list for PBXNativeTarget "SunnyPhilzUITests" */;
			buildPhases = (
				9F526BD729D03C5F00085ED7 /* Sources */,
				9F526BD829D03C5F00085ED7 /* Frameworks */,
				9F526BD929D03C5F00085ED7 /* Resources */,
			);
			buildRules = (
			);
			dependencies = (
				9F526BDD29D03C5F00085ED7 /* PBXTargetDependency */,
			);
			name = SunnyPhilzUITests;
			productName = SunnyPhilzUITests;
			productReference = 9F526BDB29D03C5F00085ED7 /* SunnyPhilzUITests.xctest */;
			productType = "com.apple.product-type.bundle.ui-testing";
		};
/* End PBXNativeTarget section */

/* Begin PBXProject section */
		9F526BB329D03C5E00085ED7 /* Project object */ = {
			isa = PBXProject;
			attributes = {
				BuildIndependentTargetsInParallel = 1;
				LastSwiftUpdateCheck = 1420;
				LastUpgradeCheck = 1420;
				TargetAttributes = {
					9F526BBA29D03C5E00085ED7 = {
						CreatedOnToolsVersion = 14.2;
					};
					9F526BD029D03C5F00085ED7 = {
						CreatedOnToolsVersion = 14.2;
						TestTargetID = 9F526BBA29D03C5E00085ED7;
					};
					9F526BDA29D03C5F00085ED7 = {
						CreatedOnToolsVersion = 14.2;
						TestTargetID = 9F526BBA29D03C5E00085ED7;
					};
				};
			};
			buildConfigurationList = 9F526BB629D03C5E00085ED7 /* Build configuration list for PBXProject "SunnyPhilz" */;
			compatibilityVersion = "Xcode 14.0";
			developmentRegion = en;
			hasScannedForEncodings = 0;
			knownRegions = (
				en,
				Base,
			);
			mainGroup = 9F526BB229D03C5E00085ED7;
			productRefGroup = 9F526BBC29D03C5E00085ED7 /* Products */;
			projectDirPath = "";
			projectRoot = "";
			targets = (
				9F526BBA29D03C5E00085ED7 /* SunnyPhilz */,
				9F526BD029D03C5F00085ED7 /* SunnyPhilzTests */,
				9F526BDA29D03C5F00085ED7 /* SunnyPhilzUITests */,
			);
		};
/* End PBXProject section */

/* Begin PBXResourcesBuildPhase section */
		9F526BB929D03C5E00085ED7 /* Resources */ = {
			isa = PBXResourcesBuildPhase;
			buildActionMask = 2147483647;
			files = (
				9F526BCC29D03C5F00085ED7 /* Preview Assets.xcassets in Resources */,
				9F526BC829D03C5F00085ED7 /* Assets.xcassets in Resources */,
			);
			runOnlyForDeploymentPostprocessing = 0;
		};
		9F526BCF29D03C5F00085ED7 /* Resources */ = {
			isa = PBXResourcesBuildPhase;
			buildActionMask = 2147483647;
			files = (
			);
			runOnlyForDeploymentPostprocessing = 0;
		};
		9F526BD929D03C5F00085ED7 /* Resources */ = {
			isa = PBXResourcesBuildPhase;
			buildActionMask = 2147483647;
			files = (
			);
			runOnlyForDeploymentPostprocessing = 0;
		};
/* End PBXResourcesBuildPhase section */

/* Begin PBXSourcesBuildPhase section */
		9F526BB729D03C5E00085ED7 /* Sources */ = {
			isa = PBXSourcesBuildPhase;
			buildActionMask = 2147483647;
			files = (
				9F526BC429D03C5E00085ED7 /* SunnyPhilz.xcdatamodeld in Sources */,
				9F526BBF29D03C5E00085ED7 /* SunnyPhilzApp.swift in Sources */,
				9F526BC629D03C5E00085ED7 /* ContentView.swift in Sources */,
				9F526BC129D03C5E00085ED7 /* Persistence.swift in Sources */,
			);
			runOnlyForDeploymentPostprocessing = 0;
		};
		9F526BCD29D03C5F00085ED7 /* Sources */ = {
			isa = PBXSourcesBuildPhase;
			buildActionMask = 2147483647;
			files = (
				9F526BD629D03C5F00085ED7 /* SunnyPhilzTests.swift in Sources */,
			);
			runOnlyForDeploymentPostprocessing = 0;
		};
		9F526BD729D03C5F00085ED7 /* Sources */ = {
			isa = PBXSourcesBuildPhase;
			buildActionMask = 2147483647;
			files = (
				9F526BE229D03C5F00085ED7 /* SunnyPhilzUITestsLaunchTests.swift in Sources */,
				9F526BE029D03C5F00085ED7 /* SunnyPhilzUITests.swift in Sources */,
			);
			runOnlyForDeploymentPostprocessing = 0;
		};
/* End PBXSourcesBuildPhase section */

/* Begin PBXTargetDependency section */
		9F526BD329D03C5F00085ED7 /* PBXTargetDependency */ = {
			isa = PBXTargetDependency;
			target = 9F526BBA29D03C5E00085ED7 /* SunnyPhilz */;
			targetProxy = 9F526BD229D03C5F00085ED7 /* PBXContainerItemProxy */;
		};
		9F526BDD29D03C5F00085ED7 /* PBXTargetDependency */ = {
			isa = PBXTargetDependency;
			target = 9F526BBA29D03C5E00085ED7 /* SunnyPhilz */;
			targetProxy = 9F526BDC29D03C5F00085ED7 /* PBXContainerItemProxy */;
		};
/* End PBXTargetDependency section */

/* Begin XCBuildConfiguration section */
		9F526BE329D03C5F00085ED7 /* Debug */ = {
			isa = XCBuildConfiguration;
			buildSettings = {
				ALWAYS_SEARCH_USER_PATHS = NO;
				CLANG_ANALYZER_NONNULL = YES;
				CLANG_ANALYZER_NUMBER_OBJECT_CONVERSION = YES_AGGRESSIVE;
				CLANG_CXX_LANGUAGE_STANDARD = "gnu++20";
				CLANG_ENABLE_MODULES = YES;
				CLANG_ENABLE_OBJC_ARC = YES;
				CLANG_ENABLE_OBJC_WEAK = YES;
				CLANG_WARN_BLOCK_CAPTURE_AUTORELEASING = YES;
				CLANG_WARN_BOOL_CONVERSION = YES;
				CLANG_WARN_COMMA = YES;
				CLANG_WARN_CONSTANT_CONVERSION = YES;
				CLANG_WARN_DEPRECATED_OBJC_IMPLEMENTATIONS = YES;
				CLANG_WARN_DIRECT_OBJC_ISA_USAGE = YES_ERROR;
				CLANG_WARN_DOCUMENTATION_COMMENTS = YES;
				CLANG_WARN_EMPTY_BODY = YES;
				CLANG_WARN_ENUM_CONVERSION = YES;
				CLANG_WARN_INFINITE_RECURSION = YES;
				CLANG_WARN_INT_CONVERSION = YES;
				CLANG_WARN_NON_LITERAL_NULL_CONVERSION = YES;
				CLANG_WARN_OBJC_IMPLICIT_RETAIN_SELF = YES;
				CLANG_WARN_OBJC_LITERAL_CONVERSION = YES;
				CLANG_WARN_OBJC_ROOT_CLASS = YES_ERROR;
				CLANG_WARN_QUOTED_INCLUDE_IN_FRAMEWORK_HEADER = YES;
				CLANG_WARN_RANGE_LOOP_ANALYSIS = YES;
				CLANG_WARN_STRICT_PROTOTYPES = YES;
				CLANG_WARN_SUSPICIOUS_MOVE = YES;
				CLANG_WARN_UNGUARDED_AVAILABILITY = YES_AGGRESSIVE;
				CLANG_WARN_UNREACHABLE_CODE = YES;
				CLANG_WARN__DUPLICATE_METHOD_MATCH = YES;
				COPY_PHASE_STRIP = NO;
				DEBUG_INFORMATION_FORMAT = dwarf;
				ENABLE_STRICT_OBJC_MSGSEND = YES;
				ENABLE_TESTABILITY = YES;
				GCC_C_LANGUAGE_STANDARD = gnu11;
				GCC_DYNAMIC_NO_PIC = NO;
				GCC_NO_COMMON_BLOCKS = YES;
				GCC_OPTIMIZATION_LEVEL = 0;
				GCC_PREPROCESSOR_DEFINITIONS = (
					"DEBUG=1",
					"$(inherited)",
				);
				GCC_WARN_64_TO_32_BIT_CONVERSION = YES;
				GCC_WARN_ABOUT_RETURN_TYPE = YES_ERROR;
				GCC_WARN_UNDECLARED_SELECTOR = YES;
				GCC_WARN_UNINITIALIZED_AUTOS = YES_AGGRESSIVE;
				GCC_WARN_UNUSED_FUNCTION = YES;
				GCC_WARN_UNUSED_VARIABLE = YES;
				MTL_ENABLE_DEBUG_INFO = INCLUDE_SOURCE;
				MTL_FAST_MATH = YES;
				ONLY_ACTIVE_ARCH = YES;
				SWIFT_ACTIVE_COMPILATION_CONDITIONS = DEBUG;
				SWIFT_OPTIMIZATION_LEVEL = "-Onone";
			};
			name = Debug;
		};
		9F526BE429D03C5F00085ED7 /* Release */ = {
			isa = XCBuildConfiguration;
			buildSettings = {
				ALWAYS_SEARCH_USER_PATHS = NO;
				CLANG_ANALYZER_NONNULL = YES;
				CLANG_ANALYZER_NUMBER_OBJECT_CONVERSION = YES_AGGRESSIVE;
				CLANG_CXX_LANGUAGE_STANDARD = "gnu++20";
				CLANG_ENABLE_MODULES = YES;
				CLANG_ENABLE_OBJC_ARC = YES;
				CLANG_ENABLE_OBJC_WEAK = YES;
				CLANG_WARN_BLOCK_CAPTURE_AUTORELEASING = YES;
				CLANG_WARN_BOOL_CONVERSION = YES;
				CLANG_WARN_COMMA = YES;
				CLANG_WARN_CONSTANT_CONVERSION = YES;
				CLANG_WARN_DEPRECATED_OBJC_IMPLEMENTATIONS = YES;
				CLANG_WARN_DIRECT_OBJC_ISA_USAGE = YES_ERROR;
				CLANG_WARN_DOCUMENTATION_COMMENTS = YES;
				CLANG_WARN_EMPTY_BODY = YES;
				CLANG_WARN_ENUM_CONVERSION = YES;
				CLANG_WARN_INFINITE_RECURSION = YES;
				CLANG_WARN_INT_CONVERSION = YES;
				CLANG_WARN_NON_LITERAL_NULL_CONVERSION = YES;
				CLANG_WARN_OBJC_IMPLICIT_RETAIN_SELF = YES;
				CLANG_WARN_OBJC_LITERAL_CONVERSION = YES;
				CLANG_WARN_OBJC_ROOT_CLASS = YES_ERROR;
				CLANG_WARN_QUOTED_INCLUDE_IN_FRAMEWORK_HEADER = YES;
				CLANG_WARN_RANGE_LOOP_ANALYSIS = YES;
				CLANG_WARN_STRICT_PROTOTYPES = YES;
				CLANG_WARN_SUSPICIOUS_MOVE = YES;
				CLANG_WARN_UNGUARDED_AVAILABILITY = YES_AGGRESSIVE;
				CLANG_WARN_UNREACHABLE_CODE = YES;
				CLANG_WARN__DUPLICATE_METHOD_MATCH = YES;
				COPY_PHASE_STRIP = NO;
				DEBUG_INFORMATION_FORMAT = "dwarf-with-dsym";
				ENABLE_NS_ASSERTIONS = NO;
				ENABLE_STRICT_OBJC_MSGSEND = YES;
				GCC_C_LANGUAGE_STANDARD = gnu11;
				GCC_NO_COMMON_BLOCKS = YES;
				GCC_WARN_64_TO_32_BIT_CONVERSION = YES;
				GCC_WARN_ABOUT_RETURN_TYPE = YES_ERROR;
				GCC_WARN_UNDECLARED_SELECTOR = YES;
				GCC_WARN_UNINITIALIZED_AUTOS = YES_AGGRESSIVE;
				GCC_WARN_UNUSED_FUNCTION = YES;
				GCC_WARN_UNUSED_VARIABLE = YES;
				MTL_ENABLE_DEBUG_INFO = NO;
				MTL_FAST_MATH = YES;
				SWIFT_COMPILATION_MODE = wholemodule;
				SWIFT_OPTIMIZATION_LEVEL = "-O";
			};
			name = Release;
		};
		9F526BE629D03C5F00085ED7 /* Debug */ = {
			isa = XCBuildConfiguration;
			buildSettings = {
				ASSETCATALOG_COMPILER_APPICON_NAME = AppIcon;
				ASSETCATALOG_COMPILER_GLOBAL_ACCENT_COLOR_NAME = AccentColor;
				CODE_SIGN_ENTITLEMENTS = SunnyPhilz/SunnyPhilz.entitlements;
				CODE_SIGN_STYLE = Automatic;
				CURRENT_PROJECT_VERSION = 1;
				DEVELOPMENT_ASSET_PATHS = "\"SunnyPhilz/Preview Content\"";
				DEVELOPMENT_TEAM = VL8SM5ZX2X;
				ENABLE_HARDENED_RUNTIME = YES;
				ENABLE_PREVIEWS = YES;
				GENERATE_INFOPLIST_FILE = YES;
				"INFOPLIST_KEY_UIApplicationSceneManifest_Generation[sdk=iphoneos*]" = YES;
				"INFOPLIST_KEY_UIApplicationSceneManifest_Generation[sdk=iphonesimulator*]" = YES;
				"INFOPLIST_KEY_UIApplicationSupportsIndirectInputEvents[sdk=iphoneos*]" = YES;
				"INFOPLIST_KEY_UIApplicationSupportsIndirectInputEvents[sdk=iphonesimulator*]" = YES;
				"INFOPLIST_KEY_UILaunchScreen_Generation[sdk=iphoneos*]" = YES;
				"INFOPLIST_KEY_UILaunchScreen_Generation[sdk=iphonesimulator*]" = YES;
				"INFOPLIST_KEY_UIStatusBarStyle[sdk=iphoneos*]" = UIStatusBarStyleDefault;
				"INFOPLIST_KEY_UIStatusBarStyle[sdk=iphonesimulator*]" = UIStatusBarStyleDefault;
				INFOPLIST_KEY_UISupportedInterfaceOrientations_iPad = "UIInterfaceOrientationPortrait UIInterfaceOrientationPortraitUpsideDown UIInterfaceOrientationLandscapeLeft UIInterfaceOrientationLandscapeRight";
				INFOPLIST_KEY_UISupportedInterfaceOrientations_iPhone = "UIInterfaceOrientationPortrait UIInterfaceOrientationLandscapeLeft UIInterfaceOrientationLandscapeRight";
				IPHONEOS_DEPLOYMENT_TARGET = 16.2;
				LD_RUNPATH_SEARCH_PATHS = "@executable_path/Frameworks";
				"LD_RUNPATH_SEARCH_PATHS[sdk=macosx*]" = "@executable_path/../Frameworks";
				MACOSX_DEPLOYMENT_TARGET = 13.1;
				MARKETING_VERSION = 1.0;
				PRODUCT_BUNDLE_IDENTIFIER = com.seungwoo.SunnyPhilz;
				PRODUCT_NAME = "$(TARGET_NAME)";
				SDKROOT = auto;
				SUPPORTED_PLATFORMS = "iphoneos iphonesimulator macosx";
				SWIFT_EMIT_LOC_STRINGS = YES;
				SWIFT_VERSION = 5.0;
				TARGETED_DEVICE_FAMILY = "1,2";
			};
			name = Debug;
		};
		9F526BE729D03C5F00085ED7 /* Release */ = {
			isa = XCBuildConfiguration;
			buildSettings = {
				ASSETCATALOG_COMPILER_APPICON_NAME = AppIcon;
				ASSETCATALOG_COMPILER_GLOBAL_ACCENT_COLOR_NAME = AccentColor;
				CODE_SIGN_ENTITLEMENTS = SunnyPhilz/SunnyPhilz.entitlements;
				CODE_SIGN_STYLE = Automatic;
				CURRENT_PROJECT_VERSION = 1;
				DEVELOPMENT_ASSET_PATHS = "\"SunnyPhilz/Preview Content\"";
				DEVELOPMENT_TEAM = VL8SM5ZX2X;
				ENABLE_HARDENED_RUNTIME = YES;
				ENABLE_PREVIEWS = YES;
				GENERATE_INFOPLIST_FILE = YES;
				"INFOPLIST_KEY_UIApplicationSceneManifest_Generation[sdk=iphoneos*]" = YES;
				"INFOPLIST_KEY_UIApplicationSceneManifest_Generation[sdk=iphonesimulator*]" = YES;
				"INFOPLIST_KEY_UIApplicationSupportsIndirectInputEvents[sdk=iphoneos*]" = YES;
				"INFOPLIST_KEY_UIApplicationSupportsIndirectInputEvents[sdk=iphonesimulator*]" = YES;
				"INFOPLIST_KEY_UILaunchScreen_Generation[sdk=iphoneos*]" = YES;
				"INFOPLIST_KEY_UILaunchScreen_Generation[sdk=iphonesimulator*]" = YES;
				"INFOPLIST_KEY_UIStatusBarStyle[sdk=iphoneos*]" = UIStatusBarStyleDefault;
				"INFOPLIST_KEY_UIStatusBarStyle[sdk=iphonesimulator*]" = UIStatusBarStyleDefault;
				INFOPLIST_KEY_UISupportedInterfaceOrientations_iPad = "UIInterfaceOrientationPortrait UIInterfaceOrientationPortraitUpsideDown UIInterfaceOrientationLandscapeLeft UIInterfaceOrientationLandscapeRight";
				INFOPLIST_KEY_UISupportedInterfaceOrientations_iPhone = "UIInterfaceOrientationPortrait UIInterfaceOrientationLandscapeLeft UIInterfaceOrientationLandscapeRight";
				IPHONEOS_DEPLOYMENT_TARGET = 16.2;
				LD_RUNPATH_SEARCH_PATHS = "@executable_path/Frameworks";
				"LD_RUNPATH_SEARCH_PATHS[sdk=macosx*]" = "@executable_path/../Frameworks";
				MACOSX_DEPLOYMENT_TARGET = 13.1;
				MARKETING_VERSION = 1.0;
				PRODUCT_BUNDLE_IDENTIFIER = com.seungwoo.SunnyPhilz;
				PRODUCT_NAME = "$(TARGET_NAME)";
				SDKROOT = auto;
				SUPPORTED_PLATFORMS = "iphoneos iphonesimulator macosx";
				SWIFT_EMIT_LOC_STRINGS = YES;
				SWIFT_VERSION = 5.0;
				TARGETED_DEVICE_FAMILY = "1,2";
			};
			name = Release;
		};
		9F526BE929D03C5F00085ED7 /* Debug */ = {
			isa = XCBuildConfiguration;
			buildSettings = {
				ALWAYS_EMBED_SWIFT_STANDARD_LIBRARIES = YES;
				BUNDLE_LOADER = "$(TEST_HOST)";
				CODE_SIGN_STYLE = Automatic;
				CURRENT_PROJECT_VERSION = 1;
				DEVELOPMENT_TEAM = VL8SM5ZX2X;
				GENERATE_INFOPLIST_FILE = YES;
				IPHONEOS_DEPLOYMENT_TARGET = 16.2;
				MACOSX_DEPLOYMENT_TARGET = 13.1;
				MARKETING_VERSION = 1.0;
				PRODUCT_BUNDLE_IDENTIFIER = com.seungwoo.SunnyPhilzTests;
				PRODUCT_NAME = "$(TARGET_NAME)";
				SDKROOT = auto;
				SUPPORTED_PLATFORMS = "iphoneos iphonesimulator macosx";
				SWIFT_EMIT_LOC_STRINGS = NO;
				SWIFT_VERSION = 5.0;
				TARGETED_DEVICE_FAMILY = "1,2";
				TEST_HOST = "$(BUILT_PRODUCTS_DIR)/SunnyPhilz.app/$(BUNDLE_EXECUTABLE_FOLDER_PATH)/SunnyPhilz";
			};
			name = Debug;
		};
		9F526BEA29D03C5F00085ED7 /* Release */ = {
			isa = XCBuildConfiguration;
			buildSettings = {
				ALWAYS_EMBED_SWIFT_STANDARD_LIBRARIES = YES;
				BUNDLE_LOADER = "$(TEST_HOST)";
				CODE_SIGN_STYLE = Automatic;
				CURRENT_PROJECT_VERSION = 1;
				DEVELOPMENT_TEAM = VL8SM5ZX2X;
				GENERATE_INFOPLIST_FILE = YES;
				IPHONEOS_DEPLOYMENT_TARGET = 16.2;
				MACOSX_DEPLOYMENT_TARGET = 13.1;
				MARKETING_VERSION = 1.0;
				PRODUCT_BUNDLE_IDENTIFIER = com.seungwoo.SunnyPhilzTests;
				PRODUCT_NAME = "$(TARGET_NAME)";
				SDKROOT = auto;
				SUPPORTED_PLATFORMS = "iphoneos iphonesimulator macosx";
				SWIFT_EMIT_LOC_STRINGS = NO;
				SWIFT_VERSION = 5.0;
				TARGETED_DEVICE_FAMILY = "1,2";
				TEST_HOST = "$(BUILT_PRODUCTS_DIR)/SunnyPhilz.app/$(BUNDLE_EXECUTABLE_FOLDER_PATH)/SunnyPhilz";
			};
			name = Release;
		};
		9F526BEC29D03C5F00085ED7 /* Debug */ = {
			isa = XCBuildConfiguration;
			buildSettings = {
				ALWAYS_EMBED_SWIFT_STANDARD_LIBRARIES = YES;
				CODE_SIGN_STYLE = Automatic;
				CURRENT_PROJECT_VERSION = 1;
				DEVELOPMENT_TEAM = VL8SM5ZX2X;
				GENERATE_INFOPLIST_FILE = YES;
				IPHONEOS_DEPLOYMENT_TARGET = 16.2;
				MACOSX_DEPLOYMENT_TARGET = 13.1;
				MARKETING_VERSION = 1.0;
				PRODUCT_BUNDLE_IDENTIFIER = com.seungwoo.SunnyPhilzUITests;
				PRODUCT_NAME = "$(TARGET_NAME)";
				SDKROOT = auto;
				SUPPORTED_PLATFORMS = "iphoneos iphonesimulator macosx";
				SWIFT_EMIT_LOC_STRINGS = NO;
				SWIFT_VERSION = 5.0;
				TARGETED_DEVICE_FAMILY = "1,2";
				TEST_TARGET_NAME = SunnyPhilz;
			};
			name = Debug;
		};
		9F526BED29D03C5F00085ED7 /* Release */ = {
			isa = XCBuildConfiguration;
			buildSettings = {
				ALWAYS_EMBED_SWIFT_STANDARD_LIBRARIES = YES;
				CODE_SIGN_STYLE = Automatic;
				CURRENT_PROJECT_VERSION = 1;
				DEVELOPMENT_TEAM = VL8SM5ZX2X;
				GENERATE_INFOPLIST_FILE = YES;
				IPHONEOS_DEPLOYMENT_TARGET = 16.2;
				MACOSX_DEPLOYMENT_TARGET = 13.1;
				MARKETING_VERSION = 1.0;
				PRODUCT_BUNDLE_IDENTIFIER = com.seungwoo.SunnyPhilzUITests;
				PRODUCT_NAME = "$(TARGET_NAME)";
				SDKROOT = auto;
				SUPPORTED_PLATFORMS = "iphoneos iphonesimulator macosx";
				SWIFT_EMIT_LOC_STRINGS = NO;
				SWIFT_VERSION = 5.0;
				TARGETED_DEVICE_FAMILY = "1,2";
				TEST_TARGET_NAME = SunnyPhilz;
			};
			name = Release;
		};
/* End XCBuildConfiguration section */

/* Begin XCConfigurationList section */
		9F526BB629D03C5E00085ED7 /* Build configuration list for PBXProject "SunnyPhilz" */ = {
			isa = XCConfigurationList;
			buildConfigurations = (
				9F526BE329D03C5F00085ED7 /* Debug */,
				9F526BE429D03C5F00085ED7 /* Release */,
			);
			defaultConfigurationIsVisible = 0;
			defaultConfigurationName = Release;
		};
		9F526BE529D03C5F00085ED7 /* Build configuration list for PBXNativeTarget "SunnyPhilz" */ = {
			isa = XCConfigurationList;
			buildConfigurations = (
				9F526BE629D03C5F00085ED7 /* Debug */,
				9F526BE729D03C5F00085ED7 /* Release */,
			);
			defaultConfigurationIsVisible = 0;
			defaultConfigurationName = Release;
		};
		9F526BE829D03C5F00085ED7 /* Build configuration list for PBXNativeTarget "SunnyPhilzTests" */ = {
			isa = XCConfigurationList;
			buildConfigurations = (
				9F526BE929D03C5F00085ED7 /* Debug */,
				9F526BEA29D03C5F00085ED7 /* Release */,
			);
			defaultConfigurationIsVisible = 0;
			defaultConfigurationName = Release;
		};
		9F526BEB29D03C5F00085ED7 /* Build configuration list for PBXNativeTarget "SunnyPhilzUITests" */ = {
			isa = XCConfigurationList;
			buildConfigurations = (
				9F526BEC29D03C5F00085ED7 /* Debug */,
				9F526BED29D03C5F00085ED7 /* Release */,
			);
			defaultConfigurationIsVisible = 0;
			defaultConfigurationName = Release;
		};
/* End XCConfigurationList section */

/* Begin XCVersionGroup section */
		9F526BC229D03C5E00085ED7 /* SunnyPhilz.xcdatamodeld */ = {
			isa = XCVersionGroup;
			children = (
				9F526BC329D03C5E00085ED7 /* SunnyPhilz.xcdatamodel */,
			);
			currentVersion = 9F526BC329D03C5E00085ED7 /* SunnyPhilz.xcdatamodel */;
			path = SunnyPhilz.xcdatamodeld;
			sourceTree = "<group>";
			versionGroupType = wrapper.xcdatamodel;
		};
/* End XCVersionGroup section */
	};
	rootObject = 9F526BB329D03C5E00085ED7 /* Project object */;
}
